
Microsoft Visual Studio Solution File, Format Version 12.00
# Visual Studio Version 17
VisualStudioVersion = 17.0.32014.148
MinimumVisualStudioVersion = 10.0.40219.1
Project("{FAE04EC0-301F-11D3-BF4B-00C04F79EFBC}") = "CompositionEx2", "CompositionEx2\CompositionEx2.csproj", "{72EFBC0F-1B73-4DDA-B394-C19D403E744C}"
EndProject
Global
	GlobalSection(SolutionConfigurationPlatforms) = preSolution
		Debug|Any CPU = Debug|Any CPU
		Release|Any CPU = Release|Any CPU
	EndGlobalSection
	GlobalSection(ProjectConfigurationPlatforms) = postSolution
		{72EFBC0F-1B73-4DDA-B394-C19D403E744C}.Debug|Any CPU.ActiveCfg = Debug|Any CPU
		{72EFBC0F-1B73-4DDA-B394-C19D403E744C}.Debug|Any CPU.Build.0 = Debug|Any CPU
		{72EFBC0F-1B73-4DDA-B394-C19D403E744C}.Release|Any CPU.ActiveCfg = Release|Any CPU
		{72EFBC0F-1B73-4DDA-B394-C19D403E744C}.Release|Any CPU.Build.0 = Release|Any CPU
	EndGlobalSection
	GlobalSection(SolutionProperties) = preSolution
		HideSolutionNode = FALSE
	EndGlobalSection
	GlobalSection(ExtensibilityGlobals) = postSolution
		SolutionGuid = {E148073A-B8A5-432C-A944-8FA19679D30B}
	EndGlobalSection
EndGlobal
